
Microsoft Visual Studio Solution File, Format Version 12.00
# Visual Studio 14
VisualStudioVersion = 14.0.25420.1
MinimumVisualStudioVersion = 10.0.40219.1
Project("{FAE04EC0-301F-11D3-BF4B-00C04F79EFBC}") = "OstManSysAPI", "OstManSysAPI\OstManSysAPI.csproj", "{DE843EFD-2EA1-4348-99D5-25444369BD2D}"
EndProject
Project("{FAE04EC0-301F-11D3-BF4B-00C04F79EFBC}") = "OstManSysMVVM", "OstManSysMVVM\OstManSysMVVM.csproj", "{ABE4D43A-D5A7-4830-BAC2-C78A4BF7FC70}"
EndProject
Global
	GlobalSection(SolutionConfigurationPlatforms) = preSolution
		Debug|Any CPU = Debug|Any CPU
		Debug|ARM = Debug|ARM
		Debug|x64 = Debug|x64
		Debug|x86 = Debug|x86
		Release|Any CPU = Release|Any CPU
		Release|ARM = Release|ARM
		Release|x64 = Release|x64
		Release|x86 = Release|x86
	EndGlobalSection
	GlobalSection(ProjectConfigurationPlatforms) = postSolution
		{DE843EFD-2EA1-4348-99D5-25444369BD2D}.Debug|Any CPU.ActiveCfg = Debug|Any CPU
		{DE843EFD-2EA1-4348-99D5-25444369BD2D}.Debug|Any CPU.Build.0 = Debug|Any CPU
		{DE843EFD-2EA1-4348-99D5-25444369BD2D}.Debug|ARM.ActiveCfg = Debug|Any CPU
		{DE843EFD-2EA1-4348-99D5-25444369BD2D}.Debug|ARM.Build.0 = Debug|Any CPU
		{DE843EFD-2EA1-4348-99D5-25444369BD2D}.Debug|x64.ActiveCfg = Debug|Any CPU
		{DE843EFD-2EA1-4348-99D5-25444369BD2D}.Debug|x64.Build.0 = Debug|Any CPU
		{DE843EFD-2EA1-4348-99D5-25444369BD2D}.Debug|x86.ActiveCfg = Debug|Any CPU
		{DE843EFD-2EA1-4348-99D5-25444369BD2D}.Debug|x86.Build.0 = Debug|Any CPU
		{DE843EFD-2EA1-4348-99D5-25444369BD2D}.Release|Any CPU.ActiveCfg = Release|Any CPU
		{DE843EFD-2EA1-4348-99D5-25444369BD2D}.Release|Any CPU.Build.0 = Release|Any CPU
		{DE843EFD-2EA1-4348-99D5-25444369BD2D}.Release|ARM.ActiveCfg = Release|Any CPU
		{DE843EFD-2EA1-4348-99D5-25444369BD2D}.Release|ARM.Build.0 = Release|Any CPU
		{DE843EFD-2EA1-4348-99D5-25444369BD2D}.Release|x64.ActiveCfg = Release|Any CPU
		{DE843EFD-2EA1-4348-99D5-25444369BD2D}.Release|x64.Build.0 = Release|Any CPU
		{DE843EFD-2EA1-4348-99D5-25444369BD2D}.Release|x86.ActiveCfg = Release|Any CPU
		{DE843EFD-2EA1-4348-99D5-25444369BD2D}.Release|x86.Build.0 = Release|Any CPU
		{ABE4D43A-D5A7-4830-BAC2-C78A4BF7FC70}.Debug|Any CPU.ActiveCfg = Debug|x86
		{ABE4D43A-D5A7-4830-BAC2-C78A4BF7FC70}.Debug|ARM.ActiveCfg = Debug|ARM
		{ABE4D43A-D5A7-4830-BAC2-C78A4BF7FC70}.Debug|ARM.Build.0 = Debug|ARM
		{ABE4D43A-D5A7-4830-BAC2-C78A4BF7FC70}.Debug|ARM.Deploy.0 = Debug|ARM
		{ABE4D43A-D5A7-4830-BAC2-C78A4BF7FC70}.Debug|x64.ActiveCfg = Debug|x64
		{ABE4D43A-D5A7-4830-BAC2-C78A4BF7FC70}.Debug|x64.Build.0 = Debug|x64
		{ABE4D43A-D5A7-4830-BAC2-C78A4BF7FC70}.Debug|x64.Deploy.0 = Debug|x64
		{ABE4D43A-D5A7-4830-BAC2-C78A4BF7FC70}.Debug|x86.ActiveCfg = Debug|x86
		{ABE4D43A-D5A7-4830-BAC2-C78A4BF7FC70}.Debug|x86.Build.0 = Debug|x86
		{ABE4D43A-D5A7-4830-BAC2-C78A4BF7FC70}.Debug|x86.Deploy.0 = Debug|x86
		{ABE4D43A-D5A7-4830-BAC2-C78A4BF7FC70}.Release|Any CPU.ActiveCfg = Release|x86
		{ABE4D43A-D5A7-4830-BAC2-C78A4BF7FC70}.Release|ARM.ActiveCfg = Release|ARM
		{ABE4D43A-D5A7-4830-BAC2-C78A4BF7FC70}.Release|ARM.Build.0 = Release|ARM
		{ABE4D43A-D5A7-4830-BAC2-C78A4BF7FC70}.Release|ARM.Deploy.0 = Release|ARM
		{ABE4D43A-D5A7-4830-BAC2-C78A4BF7FC70}.Release|x64.ActiveCfg = Release|x64
		{ABE4D43A-D5A7-4830-BAC2-C78A4BF7FC70}.Release|x64.Build.0 = Release|x64
		{ABE4D43A-D5A7-4830-BAC2-C78A4BF7FC70}.Release|x64.Deploy.0 = Release|x64
		{ABE4D43A-D5A7-4830-BAC2-C78A4BF7FC70}.Release|x86.ActiveCfg = Release|x86
		{ABE4D43A-D5A7-4830-BAC2-C78A4BF7FC70}.Release|x86.Build.0 = Release|x86
		{ABE4D43A-D5A7-4830-BAC2-C78A4BF7FC70}.Release|x86.Deploy.0 = Release|x86
	EndGlobalSection
	GlobalSection(SolutionProperties) = preSolution
		HideSolutionNode = FALSE
	EndGlobalSection
EndGlobal
